
Microsoft Visual Studio Solution File, Format Version 12.00
# Visual Studio Express 2013 for Windows Desktop
VisualStudioVersion = 12.0.21005.1
MinimumVisualStudioVersion = 10.0.40219.1
Project("{FAE04EC0-301F-11D3-BF4B-00C04F79EFBC}") = "BulletSharp.OpenTK", "BulletSharp.OpenTK.csproj", "{B2ED4D6D-0DB3-43B3-99F4-128FB985028D}"
EndProject
Global
	GlobalSection(SolutionConfigurationPlatforms) = preSolution
		Debug|Any CPU = Debug|Any CPU
		Release|Any CPU = Release|Any CPU
	EndGlobalSection
	GlobalSection(ProjectConfigurationPlatforms) = postSolution
		{B2ED4D6D-0DB3-43B3-99F4-128FB985028D}.Debug|Any CPU.ActiveCfg = Debug|Any CPU
		{B2ED4D6D-0DB3-43B3-99F4-128FB985028D}.Debug|Any CPU.Build.0 = Debug|Any CPU
		{B2ED4D6D-0DB3-43B3-99F4-128FB985028D}.Release|Any CPU.ActiveCfg = Release|Any CPU
		{B2ED4D6D-0DB3-43B3-99F4-128FB985028D}.Release|Any CPU.Build.0 = Release|Any CPU
	EndGlobalSection
	GlobalSection(SolutionProperties) = preSolution
		HideSolutionNode = FALSE
	EndGlobalSection
EndGlobal
