
Microsoft Visual Studio Solution File, Format Version 12.00
# Visual Studio 15
VisualStudioVersion = 15.0.28307.779
MinimumVisualStudioVersion = 10.0.40219.1
Project("{FAE04EC0-301F-11D3-BF4B-00C04F79EFBC}") = "BulletSharp", "BulletSharp.csproj", "{F67952FF-7997-49C8-BCE9-334F0D771FBF}"
EndProject
Global
	GlobalSection(SolutionConfigurationPlatforms) = preSolution
		Debug|Any CPU = Debug|Any CPU
		Release|Any CPU = Release|Any CPU
	EndGlobalSection
	GlobalSection(ProjectConfigurationPlatforms) = postSolution
		{F67952FF-7997-49C8-BCE9-334F0D771FBF}.Debug|Any CPU.ActiveCfg = Debug|Any CPU
		{F67952FF-7997-49C8-BCE9-334F0D771FBF}.Debug|Any CPU.Build.0 = Debug|Any CPU
		{F67952FF-7997-49C8-BCE9-334F0D771FBF}.Release|Any CPU.ActiveCfg = Release|Any CPU
		{F67952FF-7997-49C8-BCE9-334F0D771FBF}.Release|Any CPU.Build.0 = Release|Any CPU
	EndGlobalSection
	GlobalSection(SolutionProperties) = preSolution
		HideSolutionNode = FALSE
	EndGlobalSection
	GlobalSection(ExtensibilityGlobals) = postSolution
		SolutionGuid = {FAFAA4A6-590F-4A6F-9B52-32ADD70D6447}
	EndGlobalSection
EndGlobal
