
Microsoft Visual Studio Solution File, Format Version 12.00
# Visual Studio Version 17
VisualStudioVersion = 17.1.32328.378
MinimumVisualStudioVersion = 10.0.40219.1
Project("{9A19103F-16F7-4668-BE54-9A1E7A4F7556}") = "BulletSharp", "..\BulletSharp.csproj", "{375D3596-3DC9-4034-813C-6A27DC701D8A}"
EndProject
Project("{FAE04EC0-301F-11D3-BF4B-00C04F79EFBC}") = "DemoFramework", "DemoFramework\DemoFramework.csproj", "{11221859-ED6E-48AB-A306-7077853677C1}"
EndProject
Project("{FAE04EC0-301F-11D3-BF4B-00C04F79EFBC}") = "BasicDemo", "BasicDemo\BasicDemo.csproj", "{47ECF793-83EF-4ADF-ACE7-3057309DD94D}"
EndProject
Project("{FAE04EC0-301F-11D3-BF4B-00C04F79EFBC}") = "DemoFramework.OpenTK", "DemoFramework.OpenTK\DemoFramework.OpenTK.csproj", "{31F40BD4-7E6C-4C4E-B1EB-DC09AE7D59D0}"
EndProject
Global
	GlobalSection(SolutionConfigurationPlatforms) = preSolution
		Debug|Any CPU = Debug|Any CPU
		Release|Any CPU = Release|Any CPU
	EndGlobalSection
	GlobalSection(ProjectConfigurationPlatforms) = postSolution
		{375D3596-3DC9-4034-813C-6A27DC701D8A}.Debug|Any CPU.ActiveCfg = Debug|Any CPU
		{375D3596-3DC9-4034-813C-6A27DC701D8A}.Debug|Any CPU.Build.0 = Debug|Any CPU
		{375D3596-3DC9-4034-813C-6A27DC701D8A}.Release|Any CPU.ActiveCfg = Release|Any CPU
		{375D3596-3DC9-4034-813C-6A27DC701D8A}.Release|Any CPU.Build.0 = Release|Any CPU
		{11221859-ED6E-48AB-A306-7077853677C1}.Debug|Any CPU.ActiveCfg = Debug|Any CPU
		{11221859-ED6E-48AB-A306-7077853677C1}.Debug|Any CPU.Build.0 = Debug|Any CPU
		{11221859-ED6E-48AB-A306-7077853677C1}.Release|Any CPU.ActiveCfg = Release|Any CPU
		{11221859-ED6E-48AB-A306-7077853677C1}.Release|Any CPU.Build.0 = Release|Any CPU
		{47ECF793-83EF-4ADF-ACE7-3057309DD94D}.Debug|Any CPU.ActiveCfg = Debug|Any CPU
		{47ECF793-83EF-4ADF-ACE7-3057309DD94D}.Debug|Any CPU.Build.0 = Debug|Any CPU
		{47ECF793-83EF-4ADF-ACE7-3057309DD94D}.Release|Any CPU.ActiveCfg = Release|Any CPU
		{47ECF793-83EF-4ADF-ACE7-3057309DD94D}.Release|Any CPU.Build.0 = Release|Any CPU
		{31F40BD4-7E6C-4C4E-B1EB-DC09AE7D59D0}.Debug|Any CPU.ActiveCfg = Debug|Any CPU
		{31F40BD4-7E6C-4C4E-B1EB-DC09AE7D59D0}.Debug|Any CPU.Build.0 = Debug|Any CPU
		{31F40BD4-7E6C-4C4E-B1EB-DC09AE7D59D0}.Release|Any CPU.ActiveCfg = Release|Any CPU
		{31F40BD4-7E6C-4C4E-B1EB-DC09AE7D59D0}.Release|Any CPU.Build.0 = Release|Any CPU
	EndGlobalSection
	GlobalSection(SolutionProperties) = preSolution
		HideSolutionNode = FALSE
	EndGlobalSection
	GlobalSection(ExtensibilityGlobals) = postSolution
		SolutionGuid = {C7D898FF-6E8C-4DF7-B424-BE66D3EFA630}
	EndGlobalSection
EndGlobal
