<?xml version="1.0" encoding="UTF-8"?>
<Project ToolsVersion="4.0" xmlns="http://schemas.microsoft.com/developer/msbuild/2003">
  <ItemGroup>
    <ClCompile Include="dllmain.cpp">
      <Filter>Source Files</Filter>
    </ClCompile>
    <ClCompile Include="src\collections.cpp">
      <Filter>Source Files</Filter>
    </ClCompile>
    <ClCompile Include="src\btActionInterface_wrap.cpp">
      <Filter>Source Files</Filter>
    </ClCompile>
    <ClCompile Include="src\btAlignedObjectArray_wrap.cpp">
      <Filter>Source Files</Filter>
    </ClCompile>
    <ClCompile Include="src\btAxisSweep3_wrap.cpp">
      <Filter>Source Files</Filter>
    </ClCompile>
    <ClCompile Include="src\btBox2dBox2dCollisionAlgorithm_wrap.cpp">
      <Filter>Source Files</Filter>
    </ClCompile>
    <ClCompile Include="src\btBox2dShape_wrap.cpp">
      <Filter>Source Files</Filter>
    </ClCompile>
    <ClCompile Include="src\btBoxBoxCollisionAlgorithm_wrap.cpp">
      <Filter>Source Files</Filter>
    </ClCompile>
    <ClCompile Include="src\btBoxBoxDetector_wrap.cpp">
      <Filter>Source Files</Filter>
    </ClCompile>
    <ClCompile Include="src\btBoxCollision_wrap.cpp">
      <Filter>Source Files</Filter>
    </ClCompile>
    <ClCompile Include="src\btBoxShape_wrap.cpp">
      <Filter>Source Files</Filter>
    </ClCompile>
    <ClCompile Include="src\btBroadphaseInterface_wrap.cpp">
      <Filter>Source Files</Filter>
    </ClCompile>
    <ClCompile Include="src\btBroadphaseProxy_wrap.cpp">
      <Filter>Source Files</Filter>
    </ClCompile>
    <ClCompile Include="src\btBulletFile_wrap.cpp">
      <Filter>Source Files</Filter>
    </ClCompile>
    <ClCompile Include="src\btBulletWorldImporter_wrap.cpp">
      <Filter>Source Files</Filter>
    </ClCompile>
    <ClCompile Include="src\btBulletXmlWorldImporter_wrap.cpp">
      <Filter>Source Files</Filter>
    </ClCompile>
    <ClCompile Include="src\btBvhTriangleMeshShape_wrap.cpp">
      <Filter>Source Files</Filter>
    </ClCompile>
    <ClCompile Include="src\btCapsuleShape_wrap.cpp">
      <Filter>Source Files</Filter>
    </ClCompile>
    <ClCompile Include="src\btCharacterControllerInterface_wrap.cpp">
      <Filter>Source Files</Filter>
    </ClCompile>
    <ClCompile Include="src\btCollisionAlgorithm_wrap.cpp">
      <Filter>Source Files</Filter>
    </ClCompile>
    <ClCompile Include="src\btCollisionConfiguration_wrap.cpp">
      <Filter>Source Files</Filter>
    </ClCompile>
    <ClCompile Include="src\btCollisionCreateFunc_wrap.cpp">
      <Filter>Source Files</Filter>
    </ClCompile>
    <ClCompile Include="src\btCollisionDispatcher_wrap.cpp">
      <Filter>Source Files</Filter>
    </ClCompile>
    <ClCompile Include="src\btCollisionObject_wrap.cpp">
      <Filter>Source Files</Filter>
    </ClCompile>
    <ClCompile Include="src\btCollisionObjectWrapper_wrap.cpp">
      <Filter>Source Files</Filter>
    </ClCompile>
    <ClCompile Include="src\btCollisionShape_wrap.cpp">
      <Filter>Source Files</Filter>
    </ClCompile>
    <ClCompile Include="src\btCollisionWorld_wrap.cpp">
      <Filter>Source Files</Filter>
    </ClCompile>
    <ClCompile Include="src\btCompoundCollisionAlgorithm_wrap.cpp">
      <Filter>Source Files</Filter>
    </ClCompile>
    <ClCompile Include="src\btCompoundCompoundCollisionAlgorithm_wrap.cpp">
      <Filter>Source Files</Filter>
    </ClCompile>
    <ClCompile Include="src\btCompoundFromGimpact_wrap.cpp">
      <Filter>Source Files</Filter>
    </ClCompile>
    <ClCompile Include="src\btCompoundShape_wrap.cpp">
      <Filter>Source Files</Filter>
    </ClCompile>
    <ClCompile Include="src\btConcaveShape_wrap.cpp">
      <Filter>Source Files</Filter>
    </ClCompile>
    <ClCompile Include="src\btConeShape_wrap.cpp">
      <Filter>Source Files</Filter>
    </ClCompile>
    <ClCompile Include="src\btConeTwistConstraint_wrap.cpp">
      <Filter>Source Files</Filter>
    </ClCompile>
    <ClCompile Include="src\btConstraintSolver_wrap.cpp">
      <Filter>Source Files</Filter>
    </ClCompile>
    <ClCompile Include="src\btContactConstraint_wrap.cpp">
      <Filter>Source Files</Filter>
    </ClCompile>
    <ClCompile Include="src\btContactSolverInfo_wrap.cpp">
      <Filter>Source Files</Filter>
    </ClCompile>
    <ClCompile Include="src\btContinuousConvexCollision_wrap.cpp">
      <Filter>Source Files</Filter>
    </ClCompile>
    <ClCompile Include="src\btConvex2dConvex2dAlgorithm_wrap.cpp">
      <Filter>Source Files</Filter>
    </ClCompile>
    <ClCompile Include="src\btConvex2dShape_wrap.cpp">
      <Filter>Source Files</Filter>
    </ClCompile>
    <ClCompile Include="src\btConvexCast_wrap.cpp">
      <Filter>Source Files</Filter>
    </ClCompile>
    <ClCompile Include="src\btConvexConcaveCollisionAlgorithm_wrap.cpp">
      <Filter>Source Files</Filter>
    </ClCompile>
    <ClCompile Include="src\btConvexConvexAlgorithm_wrap.cpp">
      <Filter>Source Files</Filter>
    </ClCompile>
    <ClCompile Include="src\btConvexHullShape_wrap.cpp">
      <Filter>Source Files</Filter>
    </ClCompile>
    <ClCompile Include="src\btConvexInternalShape_wrap.cpp">
      <Filter>Source Files</Filter>
    </ClCompile>
    <ClCompile Include="src\btConvexPenetrationDepthSolver_wrap.cpp">
      <Filter>Source Files</Filter>
    </ClCompile>
    <ClCompile Include="src\btConvexPlaneCollisionAlgorithm_wrap.cpp">
      <Filter>Source Files</Filter>
    </ClCompile>
    <ClCompile Include="src\btConvexPointCloudShape_wrap.cpp">
      <Filter>Source Files</Filter>
    </ClCompile>
    <ClCompile Include="src\btConvexPolyhedron_wrap.cpp">
      <Filter>Source Files</Filter>
    </ClCompile>
    <ClCompile Include="src\btConvexShape_wrap.cpp">
      <Filter>Source Files</Filter>
    </ClCompile>
    <ClCompile Include="src\btConvexTriangleMeshShape_wrap.cpp">
      <Filter>Source Files</Filter>
    </ClCompile>
    <ClCompile Include="src\btCpuFeatureUtility_wrap.cpp">
      <Filter>Source Files</Filter>
    </ClCompile>
    <ClCompile Include="src\btCylinderShape_wrap.cpp">
      <Filter>Source Files</Filter>
    </ClCompile>
    <ClCompile Include="src\btDantzigSolver_wrap.cpp">
      <Filter>Source Files</Filter>
    </ClCompile>
    <ClCompile Include="src\btDbvt_wrap.cpp">
      <Filter>Source Files</Filter>
    </ClCompile>
    <ClCompile Include="src\btDbvtBroadphase_wrap.cpp">
      <Filter>Source Files</Filter>
    </ClCompile>
    <ClCompile Include="src\btDefaultCollisionConfiguration_wrap.cpp">
      <Filter>Source Files</Filter>
    </ClCompile>
    <ClCompile Include="src\btDefaultMotionState_wrap.cpp">
      <Filter>Source Files</Filter>
    </ClCompile>
    <ClCompile Include="src\btDefaultSoftBodySolver_wrap.cpp">
      <Filter>Source Files</Filter>
    </ClCompile>
    <ClCompile Include="src\btDiscreteCollisionDetectorInterface_wrap.cpp">
      <Filter>Source Files</Filter>
    </ClCompile>
    <ClCompile Include="src\btDiscreteDynamicsWorld_wrap.cpp">
      <Filter>Source Files</Filter>
    </ClCompile>
    <ClCompile Include="src\btDispatcher_wrap.cpp">
      <Filter>Source Files</Filter>
    </ClCompile>
    <ClCompile Include="src\btDynamicsWorld_wrap.cpp">
      <Filter>Source Files</Filter>
    </ClCompile>
    <ClCompile Include="src\btEmptyCollisionAlgorithm_wrap.cpp">
      <Filter>Source Files</Filter>
    </ClCompile>
    <ClCompile Include="src\btEmptyShape_wrap.cpp">
      <Filter>Source Files</Filter>
    </ClCompile>
    <ClCompile Include="src\btFixedConstraint_wrap.cpp">
      <Filter>Source Files</Filter>
    </ClCompile>
    <ClCompile Include="src\btGearConstraint_wrap.cpp">
      <Filter>Source Files</Filter>
    </ClCompile>
    <ClCompile Include="src\btGeneric6DofConstraint_wrap.cpp">
      <Filter>Source Files</Filter>
    </ClCompile>
    <ClCompile Include="src\btGeneric6DofSpring2Constraint_wrap.cpp">
      <Filter>Source Files</Filter>
    </ClCompile>
    <ClCompile Include="src\btGeneric6DofSpringConstraint_wrap.cpp">
      <Filter>Source Files</Filter>
    </ClCompile>
    <ClCompile Include="src\btGeometryUtil_wrap.cpp">
      <Filter>Source Files</Filter>
    </ClCompile>
    <ClCompile Include="src\btGhostObject_wrap.cpp">
      <Filter>Source Files</Filter>
    </ClCompile>
    <ClCompile Include="src\btGImpactBvh_wrap.cpp">
      <Filter>Source Files</Filter>
    </ClCompile>
    <ClCompile Include="src\btGImpactCollisionAlgorithm_wrap.cpp">
      <Filter>Source Files</Filter>
    </ClCompile>
    <ClCompile Include="src\btGImpactQuantizedBvh_wrap.cpp">
      <Filter>Source Files</Filter>
    </ClCompile>
    <ClCompile Include="src\btGImpactShape_wrap.cpp">
      <Filter>Source Files</Filter>
    </ClCompile>
    <ClCompile Include="src\btGjkConvexCast_wrap.cpp">
      <Filter>Source Files</Filter>
    </ClCompile>
    <ClCompile Include="src\btGjkEpaPenetrationDepthSolver_wrap.cpp">
      <Filter>Source Files</Filter>
    </ClCompile>
    <ClCompile Include="src\btGjkPairDetector_wrap.cpp">
      <Filter>Source Files</Filter>
    </ClCompile>
    <ClCompile Include="src\btHeightfieldTerrainShape_wrap.cpp">
      <Filter>Source Files</Filter>
    </ClCompile>
    <ClCompile Include="src\btHinge2Constraint_wrap.cpp">
      <Filter>Source Files</Filter>
    </ClCompile>
    <ClCompile Include="src\btHingeConstraint_wrap.cpp">
      <Filter>Source Files</Filter>
    </ClCompile>
    <ClCompile Include="src\btIDebugDraw_wrap.cpp">
      <Filter>Source Files</Filter>
    </ClCompile>
    <ClCompile Include="src\btKinematicCharacterController_wrap.cpp">
      <Filter>Source Files</Filter>
    </ClCompile>
    <ClCompile Include="src\btLemkeSolver_wrap.cpp">
      <Filter>Source Files</Filter>
    </ClCompile>
    <ClCompile Include="src\btManifoldPoint_wrap.cpp">
      <Filter>Source Files</Filter>
    </ClCompile>
    <ClCompile Include="src\btManifoldResult_wrap.cpp">
      <Filter>Source Files</Filter>
    </ClCompile>
    <ClCompile Include="src\btMinkowskiPenetrationDepthSolver_wrap.cpp">
      <Filter>Source Files</Filter>
    </ClCompile>
    <ClCompile Include="src\btMinkowskiSumShape_wrap.cpp">
      <Filter>Source Files</Filter>
    </ClCompile>
    <ClCompile Include="src\btMLCPSolver_wrap.cpp">
      <Filter>Source Files</Filter>
    </ClCompile>
    <ClCompile Include="src\btMLCPSolverInterface_wrap.cpp">
      <Filter>Source Files</Filter>
    </ClCompile>
    <ClCompile Include="src\btMotionState_wrap.cpp">
      <Filter>Source Files</Filter>
    </ClCompile>
    <ClCompile Include="src\btMultiBody_wrap.cpp">
      <Filter>Source Files</Filter>
    </ClCompile>
    <ClCompile Include="src\btMultiBodyConstraint_wrap.cpp">
      <Filter>Source Files</Filter>
    </ClCompile>
    <ClCompile Include="src\btMultiBodyConstraintSolver_wrap.cpp">
      <Filter>Source Files</Filter>
    </ClCompile>
    <ClCompile Include="src\btMultiBodyDynamicsWorld_wrap.cpp">
      <Filter>Source Files</Filter>
    </ClCompile>
    <ClCompile Include="src\btMultiBodyJointLimitConstraint_wrap.cpp">
      <Filter>Source Files</Filter>
    </ClCompile>
    <ClCompile Include="src\btMultiBodyJointMotor_wrap.cpp">
      <Filter>Source Files</Filter>
    </ClCompile>
    <ClCompile Include="src\btMultiBodyLink_wrap.cpp">
      <Filter>Source Files</Filter>
    </ClCompile>
    <ClCompile Include="src\btMultiBodyLinkCollider_wrap.cpp">
      <Filter>Source Files</Filter>
    </ClCompile>
    <ClCompile Include="src\btMultiBodyPoint2Point_wrap.cpp">
      <Filter>Source Files</Filter>
    </ClCompile>
    <ClCompile Include="src\btMultiBodySolverConstraint_wrap.cpp">
      <Filter>Source Files</Filter>
    </ClCompile>
    <ClCompile Include="src\btMultimaterialTriangleMeshShape_wrap.cpp">
      <Filter>Source Files</Filter>
    </ClCompile>
    <ClCompile Include="src\btMultiSphereShape_wrap.cpp">
      <Filter>Source Files</Filter>
    </ClCompile>
    <ClCompile Include="src\btNNCGConstraintSolver_wrap.cpp">
      <Filter>Source Files</Filter>
    </ClCompile>
    <ClCompile Include="src\btOptimizedBvh_wrap.cpp">
      <Filter>Source Files</Filter>
    </ClCompile>
    <ClCompile Include="src\btOverlappingPairCache_wrap.cpp">
      <Filter>Source Files</Filter>
    </ClCompile>
    <ClCompile Include="src\btOverlappingPairCallback_wrap.cpp">
      <Filter>Source Files</Filter>
    </ClCompile>
    <ClCompile Include="src\btPersistentManifold_wrap.cpp">
      <Filter>Source Files</Filter>
    </ClCompile>
    <ClCompile Include="src\btPoint2PointConstraint_wrap.cpp">
      <Filter>Source Files</Filter>
    </ClCompile>
    <ClCompile Include="src\btPointCollector_wrap.cpp">
      <Filter>Source Files</Filter>
    </ClCompile>
    <ClCompile Include="src\btPolarDecomposition_wrap.cpp">
      <Filter>Source Files</Filter>
    </ClCompile>
    <ClCompile Include="src\btPolyhedralConvexShape_wrap.cpp">
      <Filter>Source Files</Filter>
    </ClCompile>
    <ClCompile Include="src\btQuantizedBvh_wrap.cpp">
      <Filter>Source Files</Filter>
    </ClCompile>
    <ClCompile Include="src\btRaycastVehicle_wrap.cpp">
      <Filter>Source Files</Filter>
    </ClCompile>
    <ClCompile Include="src\btRigidBody_wrap.cpp">
      <Filter>Source Files</Filter>
    </ClCompile>
    <ClCompile Include="src\btScaledBvhTriangleMeshShape_wrap.cpp">
      <Filter>Source Files</Filter>
    </ClCompile>
    <ClCompile Include="src\btSequentialImpulseConstraintSolver_wrap.cpp">
      <Filter>Source Files</Filter>
    </ClCompile>
    <ClCompile Include="src\btSerializer_wrap.cpp">
      <Filter>Source Files</Filter>
    </ClCompile>
    <ClCompile Include="src\btShapeHull_wrap.cpp">
      <Filter>Source Files</Filter>
    </ClCompile>
    <ClCompile Include="src\btSimulationIslandManager_wrap.cpp">
      <Filter>Source Files</Filter>
    </ClCompile>
    <ClCompile Include="src\btSliderConstraint_wrap.cpp">
      <Filter>Source Files</Filter>
    </ClCompile>
    <ClCompile Include="src\btSoftBody_wrap.cpp">
      <Filter>Source Files</Filter>
    </ClCompile>
    <ClCompile Include="src\btSoftBodyConcaveCollisionAlgorithm_wrap.cpp">
      <Filter>Source Files</Filter>
    </ClCompile>
    <ClCompile Include="src\btSoftBodyHelpers_wrap.cpp">
      <Filter>Source Files</Filter>
    </ClCompile>
    <ClCompile Include="src\btSoftBodyRigidBodyCollisionConfiguration_wrap.cpp">
      <Filter>Source Files</Filter>
    </ClCompile>
    <ClCompile Include="src\btSoftBodySolvers_wrap.cpp">
      <Filter>Source Files</Filter>
    </ClCompile>
    <ClCompile Include="src\btSoftRigidCollisionAlgorithm_wrap.cpp">
      <Filter>Source Files</Filter>
    </ClCompile>
    <ClCompile Include="src\btSoftRigidDynamicsWorld_wrap.cpp">
      <Filter>Source Files</Filter>
    </ClCompile>
    <ClCompile Include="src\btSoftSoftCollisionAlgorithm_wrap.cpp">
      <Filter>Source Files</Filter>
    </ClCompile>
    <ClCompile Include="src\btSparseSdf3_wrap.cpp">
      <Filter>Source Files</Filter>
    </ClCompile>
    <ClCompile Include="src\btSphereBoxCollisionAlgorithm_wrap.cpp">
      <Filter>Source Files</Filter>
    </ClCompile>
    <ClCompile Include="src\btSphereShape_wrap.cpp">
      <Filter>Source Files</Filter>
    </ClCompile>
    <ClCompile Include="src\btSphereSphereCollisionAlgorithm_wrap.cpp">
      <Filter>Source Files</Filter>
    </ClCompile>
    <ClCompile Include="src\btSphereTriangleCollisionAlgorithm_wrap.cpp">
      <Filter>Source Files</Filter>
    </ClCompile>
    <ClCompile Include="src\btStaticPlaneShape_wrap.cpp">
      <Filter>Source Files</Filter>
    </ClCompile>
    <ClCompile Include="src\btStridingMeshInterface_wrap.cpp">
      <Filter>Source Files</Filter>
    </ClCompile>
    <ClCompile Include="src\btTetrahedronShape_wrap.cpp">
      <Filter>Source Files</Filter>
    </ClCompile>
    <ClCompile Include="src\btTransformUtil_wrap.cpp">
      <Filter>Source Files</Filter>
    </ClCompile>
    <ClCompile Include="src\btTriangleBuffer_wrap.cpp">
      <Filter>Source Files</Filter>
    </ClCompile>
    <ClCompile Include="src\btTriangleCallback_wrap.cpp">
      <Filter>Source Files</Filter>
    </ClCompile>
    <ClCompile Include="src\btTriangleIndexVertexArray_wrap.cpp">
      <Filter>Source Files</Filter>
    </ClCompile>
    <ClCompile Include="src\btTriangleIndexVertexMaterialArray_wrap.cpp">
      <Filter>Source Files</Filter>
    </ClCompile>
    <ClCompile Include="src\btTriangleMesh_wrap.cpp">
      <Filter>Source Files</Filter>
    </ClCompile>
    <ClCompile Include="src\btTriangleMeshShape_wrap.cpp">
      <Filter>Source Files</Filter>
    </ClCompile>
    <ClCompile Include="src\btTriangleShape_wrap.cpp">
      <Filter>Source Files</Filter>
    </ClCompile>
    <ClCompile Include="src\btTriangleShapeEx_wrap.cpp">
      <Filter>Source Files</Filter>
    </ClCompile>
    <ClCompile Include="src\btTypedConstraint_wrap.cpp">
      <Filter>Source Files</Filter>
    </ClCompile>
    <ClCompile Include="src\btUniformScalingShape_wrap.cpp">
      <Filter>Source Files</Filter>
    </ClCompile>
    <ClCompile Include="src\btUnionFind_wrap.cpp">
      <Filter>Source Files</Filter>
    </ClCompile>
    <ClCompile Include="src\btUniversalConstraint_wrap.cpp">
      <Filter>Source Files</Filter>
    </ClCompile>
    <ClCompile Include="src\btVehicleRaycaster_wrap.cpp">
      <Filter>Source Files</Filter>
    </ClCompile>
    <ClCompile Include="src\btVoronoiSimplexSolver_wrap.cpp">
      <Filter>Source Files</Filter>
    </ClCompile>
    <ClCompile Include="src\btWheelInfo_wrap.cpp">
      <Filter>Source Files</Filter>
    </ClCompile>
    <ClCompile Include="src\btWorldImporter_wrap.cpp">
      <Filter>Source Files</Filter>
    </ClCompile>
    <ClCompile Include="src\hacdHACD_wrap.cpp">
      <Filter>Source Files</Filter>
    </ClCompile>
  </ItemGroup>
  <ItemGroup>
    <ClInclude Include="src\conversion.h">
      <Filter>Header Files</Filter>
    </ClInclude>
    <ClInclude Include="src\main.h">
      <Filter>Header Files</Filter>
    </ClInclude>
    <ClInclude Include="src\collections.h">
      <Filter>Header Files</Filter>
    </ClInclude>
    <ClInclude Include="src\btActionInterface_wrap.h">
      <Filter>Header Files</Filter>
    </ClInclude>
    <ClInclude Include="src\btAlignedObjectArray_wrap.h">
      <Filter>Header Files</Filter>
    </ClInclude>
    <ClInclude Include="src\btAxisSweep3_wrap.h">
      <Filter>Header Files</Filter>
    </ClInclude>
    <ClInclude Include="src\btBox2dBox2dCollisionAlgorithm_wrap.h">
      <Filter>Header Files</Filter>
    </ClInclude>
    <ClInclude Include="src\btBox2dShape_wrap.h">
      <Filter>Header Files</Filter>
    </ClInclude>
    <ClInclude Include="src\btBoxBoxCollisionAlgorithm_wrap.h">
      <Filter>Header Files</Filter>
    </ClInclude>
    <ClInclude Include="src\btBoxBoxDetector_wrap.h">
      <Filter>Header Files</Filter>
    </ClInclude>
    <ClInclude Include="src\btBoxCollision_wrap.h">
      <Filter>Header Files</Filter>
    </ClInclude>
    <ClInclude Include="src\btBoxShape_wrap.h">
      <Filter>Header Files</Filter>
    </ClInclude>
    <ClInclude Include="src\btBroadphaseInterface_wrap.h">
      <Filter>Header Files</Filter>
    </ClInclude>
    <ClInclude Include="src\btBroadphaseProxy_wrap.h">
      <Filter>Header Files</Filter>
    </ClInclude>
    <ClInclude Include="src\btBulletFile_wrap.h">
      <Filter>Header Files</Filter>
    </ClInclude>
    <ClInclude Include="src\btBulletWorldImporter_wrap.h">
      <Filter>Header Files</Filter>
    </ClInclude>
    <ClInclude Include="src\btBulletXmlWorldImporter_wrap.h">
      <Filter>Header Files</Filter>
    </ClInclude>
    <ClInclude Include="src\btBvhTriangleMeshShape_wrap.h">
      <Filter>Header Files</Filter>
    </ClInclude>
    <ClInclude Include="src\btCapsuleShape_wrap.h">
      <Filter>Header Files</Filter>
    </ClInclude>
    <ClInclude Include="src\btCharacterControllerInterface_wrap.h">
      <Filter>Header Files</Filter>
    </ClInclude>
    <ClInclude Include="src\btCollisionAlgorithm_wrap.h">
      <Filter>Header Files</Filter>
    </ClInclude>
    <ClInclude Include="src\btCollisionConfiguration_wrap.h">
      <Filter>Header Files</Filter>
    </ClInclude>
    <ClInclude Include="src\btCollisionCreateFunc_wrap.h">
      <Filter>Header Files</Filter>
    </ClInclude>
    <ClInclude Include="src\btCollisionDispatcher_wrap.h">
      <Filter>Header Files</Filter>
    </ClInclude>
    <ClInclude Include="src\btCollisionObject_wrap.h">
      <Filter>Header Files</Filter>
    </ClInclude>
    <ClInclude Include="src\btCollisionObjectWrapper_wrap.h">
      <Filter>Header Files</Filter>
    </ClInclude>
    <ClInclude Include="src\btCollisionShape_wrap.h">
      <Filter>Header Files</Filter>
    </ClInclude>
    <ClInclude Include="src\btCollisionWorld_wrap.h">
      <Filter>Header Files</Filter>
    </ClInclude>
    <ClInclude Include="src\btCompoundCollisionAlgorithm_wrap.h">
      <Filter>Header Files</Filter>
    </ClInclude>
    <ClInclude Include="src\btCompoundCompoundCollisionAlgorithm_wrap.h">
      <Filter>Header Files</Filter>
    </ClInclude>
    <ClInclude Include="src\btCompoundFromGimpact_wrap.h">
      <Filter>Header Files</Filter>
    </ClInclude>
    <ClInclude Include="src\btCompoundShape_wrap.h">
      <Filter>Header Files</Filter>
    </ClInclude>
    <ClInclude Include="src\btConcaveShape_wrap.h">
      <Filter>Header Files</Filter>
    </ClInclude>
    <ClInclude Include="src\btConeShape_wrap.h">
      <Filter>Header Files</Filter>
    </ClInclude>
    <ClInclude Include="src\btConeTwistConstraint_wrap.h">
      <Filter>Header Files</Filter>
    </ClInclude>
    <ClInclude Include="src\btConstraintSolver_wrap.h">
      <Filter>Header Files</Filter>
    </ClInclude>
    <ClInclude Include="src\btContactConstraint_wrap.h">
      <Filter>Header Files</Filter>
    </ClInclude>
    <ClInclude Include="src\btContactSolverInfo_wrap.h">
      <Filter>Header Files</Filter>
    </ClInclude>
    <ClInclude Include="src\btContinuousConvexCollision_wrap.h">
      <Filter>Header Files</Filter>
    </ClInclude>
    <ClInclude Include="src\btConvex2dConvex2dAlgorithm_wrap.h">
      <Filter>Header Files</Filter>
    </ClInclude>
    <ClInclude Include="src\btConvex2dShape_wrap.h">
      <Filter>Header Files</Filter>
    </ClInclude>
    <ClInclude Include="src\btConvexCast_wrap.h">
      <Filter>Header Files</Filter>
    </ClInclude>
    <ClInclude Include="src\btConvexConcaveCollisionAlgorithm_wrap.h">
      <Filter>Header Files</Filter>
    </ClInclude>
    <ClInclude Include="src\btConvexConvexAlgorithm_wrap.h">
      <Filter>Header Files</Filter>
    </ClInclude>
    <ClInclude Include="src\btConvexHullShape_wrap.h">
      <Filter>Header Files</Filter>
    </ClInclude>
    <ClInclude Include="src\btConvexInternalShape_wrap.h">
      <Filter>Header Files</Filter>
    </ClInclude>
    <ClInclude Include="src\btConvexPenetrationDepthSolver_wrap.h">
      <Filter>Header Files</Filter>
    </ClInclude>
    <ClInclude Include="src\btConvexPlaneCollisionAlgorithm_wrap.h">
      <Filter>Header Files</Filter>
    </ClInclude>
    <ClInclude Include="src\btConvexPointCloudShape_wrap.h">
      <Filter>Header Files</Filter>
    </ClInclude>
    <ClInclude Include="src\btConvexPolyhedron_wrap.h">
      <Filter>Header Files</Filter>
    </ClInclude>
    <ClInclude Include="src\btConvexShape_wrap.h">
      <Filter>Header Files</Filter>
    </ClInclude>
    <ClInclude Include="src\btConvexTriangleMeshShape_wrap.h">
      <Filter>Header Files</Filter>
    </ClInclude>
    <ClInclude Include="src\btCpuFeatureUtility_wrap.h">
      <Filter>Header Files</Filter>
    </ClInclude>
    <ClInclude Include="src\btCylinderShape_wrap.h">
      <Filter>Header Files</Filter>
    </ClInclude>
    <ClInclude Include="src\btDantzigSolver_wrap.h">
      <Filter>Header Files</Filter>
    </ClInclude>
    <ClInclude Include="src\btDbvt_wrap.h">
      <Filter>Header Files</Filter>
    </ClInclude>
    <ClInclude Include="src\btDbvtBroadphase_wrap.h">
      <Filter>Header Files</Filter>
    </ClInclude>
    <ClInclude Include="src\btDefaultCollisionConfiguration_wrap.h">
      <Filter>Header Files</Filter>
    </ClInclude>
    <ClInclude Include="src\btDefaultMotionState_wrap.h">
      <Filter>Header Files</Filter>
    </ClInclude>
    <ClInclude Include="src\btDefaultSoftBodySolver_wrap.h">
      <Filter>Header Files</Filter>
    </ClInclude>
    <ClInclude Include="src\btDiscreteCollisionDetectorInterface_wrap.h">
      <Filter>Header Files</Filter>
    </ClInclude>
    <ClInclude Include="src\btDiscreteDynamicsWorld_wrap.h">
      <Filter>Header Files</Filter>
    </ClInclude>
    <ClInclude Include="src\btDispatcher_wrap.h">
      <Filter>Header Files</Filter>
    </ClInclude>
    <ClInclude Include="src\btDynamicsWorld_wrap.h">
      <Filter>Header Files</Filter>
    </ClInclude>
    <ClInclude Include="src\btEmptyCollisionAlgorithm_wrap.h">
      <Filter>Header Files</Filter>
    </ClInclude>
    <ClInclude Include="src\btEmptyShape_wrap.h">
      <Filter>Header Files</Filter>
    </ClInclude>
    <ClInclude Include="src\btFixedConstraint_wrap.h">
      <Filter>Header Files</Filter>
    </ClInclude>
    <ClInclude Include="src\btGearConstraint_wrap.h">
      <Filter>Header Files</Filter>
    </ClInclude>
    <ClInclude Include="src\btGeneric6DofConstraint_wrap.h">
      <Filter>Header Files</Filter>
    </ClInclude>
    <ClInclude Include="src\btGeneric6DofSpring2Constraint_wrap.h">
      <Filter>Header Files</Filter>
    </ClInclude>
    <ClInclude Include="src\btGeneric6DofSpringConstraint_wrap.h">
      <Filter>Header Files</Filter>
    </ClInclude>
    <ClInclude Include="src\btGeometryUtil_wrap.h">
      <Filter>Header Files</Filter>
    </ClInclude>
    <ClInclude Include="src\btGhostObject_wrap.h">
      <Filter>Header Files</Filter>
    </ClInclude>
    <ClInclude Include="src\btGImpactBvh_wrap.h">
      <Filter>Header Files</Filter>
    </ClInclude>
    <ClInclude Include="src\btGImpactCollisionAlgorithm_wrap.h">
      <Filter>Header Files</Filter>
    </ClInclude>
    <ClInclude Include="src\btGImpactQuantizedBvh_wrap.h">
      <Filter>Header Files</Filter>
    </ClInclude>
    <ClInclude Include="src\btGImpactShape_wrap.h">
      <Filter>Header Files</Filter>
    </ClInclude>
    <ClInclude Include="src\btGjkConvexCast_wrap.h">
      <Filter>Header Files</Filter>
    </ClInclude>
    <ClInclude Include="src\btGjkEpaPenetrationDepthSolver_wrap.h">
      <Filter>Header Files</Filter>
    </ClInclude>
    <ClInclude Include="src\btGjkPairDetector_wrap.h">
      <Filter>Header Files</Filter>
    </ClInclude>
    <ClInclude Include="src\btHeightfieldTerrainShape_wrap.h">
      <Filter>Header Files</Filter>
    </ClInclude>
    <ClInclude Include="src\btHinge2Constraint_wrap.h">
      <Filter>Header Files</Filter>
    </ClInclude>
    <ClInclude Include="src\btHingeConstraint_wrap.h">
      <Filter>Header Files</Filter>
    </ClInclude>
    <ClInclude Include="src\btIDebugDraw_wrap.h">
      <Filter>Header Files</Filter>
    </ClInclude>
    <ClInclude Include="src\btKinematicCharacterController_wrap.h">
      <Filter>Header Files</Filter>
    </ClInclude>
    <ClInclude Include="src\btLemkeSolver_wrap.h">
      <Filter>Header Files</Filter>
    </ClInclude>
    <ClInclude Include="src\btManifoldPoint_wrap.h">
      <Filter>Header Files</Filter>
    </ClInclude>
    <ClInclude Include="src\btManifoldResult_wrap.h">
      <Filter>Header Files</Filter>
    </ClInclude>
    <ClInclude Include="src\btMinkowskiPenetrationDepthSolver_wrap.h">
      <Filter>Header Files</Filter>
    </ClInclude>
    <ClInclude Include="src\btMinkowskiSumShape_wrap.h">
      <Filter>Header Files</Filter>
    </ClInclude>
    <ClInclude Include="src\btMLCPSolver_wrap.h">
      <Filter>Header Files</Filter>
    </ClInclude>
    <ClInclude Include="src\btMLCPSolverInterface_wrap.h">
      <Filter>Header Files</Filter>
    </ClInclude>
    <ClInclude Include="src\btMotionState_wrap.h">
      <Filter>Header Files</Filter>
    </ClInclude>
    <ClInclude Include="src\btMultiBody_wrap.h">
      <Filter>Header Files</Filter>
    </ClInclude>
    <ClInclude Include="src\btMultiBodyConstraint_wrap.h">
      <Filter>Header Files</Filter>
    </ClInclude>
    <ClInclude Include="src\btMultiBodyConstraintSolver_wrap.h">
      <Filter>Header Files</Filter>
    </ClInclude>
    <ClInclude Include="src\btMultiBodyDynamicsWorld_wrap.h">
      <Filter>Header Files</Filter>
    </ClInclude>
    <ClInclude Include="src\btMultiBodyJointLimitConstraint_wrap.h">
      <Filter>Header Files</Filter>
    </ClInclude>
    <ClInclude Include="src\btMultiBodyJointMotor_wrap.h">
      <Filter>Header Files</Filter>
    </ClInclude>
    <ClInclude Include="src\btMultiBodyLink_wrap.h">
      <Filter>Header Files</Filter>
    </ClInclude>
    <ClInclude Include="src\btMultiBodyLinkCollider_wrap.h">
      <Filter>Header Files</Filter>
    </ClInclude>
    <ClInclude Include="src\btMultiBodyPoint2Point_wrap.h">
      <Filter>Header Files</Filter>
    </ClInclude>
    <ClInclude Include="src\btMultiBodySolverConstraint_wrap.h">
      <Filter>Header Files</Filter>
    </ClInclude>
    <ClInclude Include="src\btMultimaterialTriangleMeshShape_wrap.h">
      <Filter>Header Files</Filter>
    </ClInclude>
    <ClInclude Include="src\btMultiSphereShape_wrap.h">
      <Filter>Header Files</Filter>
    </ClInclude>
    <ClInclude Include="src\btNNCGConstraintSolver_wrap.h">
      <Filter>Header Files</Filter>
    </ClInclude>
    <ClInclude Include="src\btOptimizedBvh_wrap.h">
      <Filter>Header Files</Filter>
    </ClInclude>
    <ClInclude Include="src\btOverlappingPairCache_wrap.h">
      <Filter>Header Files</Filter>
    </ClInclude>
    <ClInclude Include="src\btOverlappingPairCallback_wrap.h">
      <Filter>Header Files</Filter>
    </ClInclude>
    <ClInclude Include="src\btPersistentManifold_wrap.h">
      <Filter>Header Files</Filter>
    </ClInclude>
    <ClInclude Include="src\btPoint2PointConstraint_wrap.h">
      <Filter>Header Files</Filter>
    </ClInclude>
    <ClInclude Include="src\btPointCollector_wrap.h">
      <Filter>Header Files</Filter>
    </ClInclude>
    <ClInclude Include="src\btPolarDecomposition_wrap.h">
      <Filter>Header Files</Filter>
    </ClInclude>
    <ClInclude Include="src\btPolyhedralConvexShape_wrap.h">
      <Filter>Header Files</Filter>
    </ClInclude>
    <ClInclude Include="src\btQuantizedBvh_wrap.h">
      <Filter>Header Files</Filter>
    </ClInclude>
    <ClInclude Include="src\btRaycastVehicle_wrap.h">
      <Filter>Header Files</Filter>
    </ClInclude>
    <ClInclude Include="src\btRigidBody_wrap.h">
      <Filter>Header Files</Filter>
    </ClInclude>
    <ClInclude Include="src\btScaledBvhTriangleMeshShape_wrap.h">
      <Filter>Header Files</Filter>
    </ClInclude>
    <ClInclude Include="src\btSequentialImpulseConstraintSolver_wrap.h">
      <Filter>Header Files</Filter>
    </ClInclude>
    <ClInclude Include="src\btSerializer_wrap.h">
      <Filter>Header Files</Filter>
    </ClInclude>
    <ClInclude Include="src\btShapeHull_wrap.h">
      <Filter>Header Files</Filter>
    </ClInclude>
    <ClInclude Include="src\btSimulationIslandManager_wrap.h">
      <Filter>Header Files</Filter>
    </ClInclude>
    <ClInclude Include="src\btSliderConstraint_wrap.h">
      <Filter>Header Files</Filter>
    </ClInclude>
    <ClInclude Include="src\btSoftBody_wrap.h">
      <Filter>Header Files</Filter>
    </ClInclude>
    <ClInclude Include="src\btSoftBodyConcaveCollisionAlgorithm_wrap.h">
      <Filter>Header Files</Filter>
    </ClInclude>
    <ClInclude Include="src\btSoftBodyHelpers_wrap.h">
      <Filter>Header Files</Filter>
    </ClInclude>
    <ClInclude Include="src\btSoftBodyRigidBodyCollisionConfiguration_wrap.h">
      <Filter>Header Files</Filter>
    </ClInclude>
    <ClInclude Include="src\btSoftBodySolvers_wrap.h">
      <Filter>Header Files</Filter>
    </ClInclude>
    <ClInclude Include="src\btSoftRigidCollisionAlgorithm_wrap.h">
      <Filter>Header Files</Filter>
    </ClInclude>
    <ClInclude Include="src\btSoftRigidDynamicsWorld_wrap.h">
      <Filter>Header Files</Filter>
    </ClInclude>
    <ClInclude Include="src\btSoftSoftCollisionAlgorithm_wrap.h">
      <Filter>Header Files</Filter>
    </ClInclude>
    <ClInclude Include="src\btSparseSdf3_wrap.h">
      <Filter>Header Files</Filter>
    </ClInclude>
    <ClInclude Include="src\btSphereBoxCollisionAlgorithm_wrap.h">
      <Filter>Header Files</Filter>
    </ClInclude>
    <ClInclude Include="src\btSphereShape_wrap.h">
      <Filter>Header Files</Filter>
    </ClInclude>
    <ClInclude Include="src\btSphereSphereCollisionAlgorithm_wrap.h">
      <Filter>Header Files</Filter>
    </ClInclude>
    <ClInclude Include="src\btSphereTriangleCollisionAlgorithm_wrap.h">
      <Filter>Header Files</Filter>
    </ClInclude>
    <ClInclude Include="src\btStaticPlaneShape_wrap.h">
      <Filter>Header Files</Filter>
    </ClInclude>
    <ClInclude Include="src\btStridingMeshInterface_wrap.h">
      <Filter>Header Files</Filter>
    </ClInclude>
    <ClInclude Include="src\btTetrahedronShape_wrap.h">
      <Filter>Header Files</Filter>
    </ClInclude>
    <ClInclude Include="src\btTransformUtil_wrap.h">
      <Filter>Header Files</Filter>
    </ClInclude>
    <ClInclude Include="src\btTriangleBuffer_wrap.h">
      <Filter>Header Files</Filter>
    </ClInclude>
    <ClInclude Include="src\btTriangleCallback_wrap.h">
      <Filter>Header Files</Filter>
    </ClInclude>
    <ClInclude Include="src\btTriangleIndexVertexArray_wrap.h">
      <Filter>Header Files</Filter>
    </ClInclude>
    <ClInclude Include="src\btTriangleIndexVertexMaterialArray_wrap.h">
      <Filter>Header Files</Filter>
    </ClInclude>
    <ClInclude Include="src\btTriangleMesh_wrap.h">
      <Filter>Header Files</Filter>
    </ClInclude>
    <ClInclude Include="src\btTriangleMeshShape_wrap.h">
      <Filter>Header Files</Filter>
    </ClInclude>
    <ClInclude Include="src\btTriangleShape_wrap.h">
      <Filter>Header Files</Filter>
    </ClInclude>
    <ClInclude Include="src\btTriangleShapeEx_wrap.h">
      <Filter>Header Files</Filter>
    </ClInclude>
    <ClInclude Include="src\btTypedConstraint_wrap.h">
      <Filter>Header Files</Filter>
    </ClInclude>
    <ClInclude Include="src\btUniformScalingShape_wrap.h">
      <Filter>Header Files</Filter>
    </ClInclude>
    <ClInclude Include="src\btUnionFind_wrap.h">
      <Filter>Header Files</Filter>
    </ClInclude>
    <ClInclude Include="src\btUniversalConstraint_wrap.h">
      <Filter>Header Files</Filter>
    </ClInclude>
    <ClInclude Include="src\btVehicleRaycaster_wrap.h">
      <Filter>Header Files</Filter>
    </ClInclude>
    <ClInclude Include="src\btVoronoiSimplexSolver_wrap.h">
      <Filter>Header Files</Filter>
    </ClInclude>
    <ClInclude Include="src\btWheelInfo_wrap.h">
      <Filter>Header Files</Filter>
    </ClInclude>
    <ClInclude Include="src\btWorldImporter_wrap.h">
      <Filter>Header Files</Filter>
    </ClInclude>
    <ClInclude Include="src\hacdHACD_wrap.h">
      <Filter>Header Files</Filter>
    </ClInclude>
  </ItemGroup>
  <ItemGroup>
    <CustomBuild Include="CMakeLists.txt" />
  </ItemGroup>
  <ItemGroup>
    <Filter Include="Source Files">
      <UniqueIdentifier>{A5F55DAB-1550-4DE3-A0DB-B1100D42E93B}</UniqueIdentifier>
    </Filter>
    <Filter Include="Header Files">
      <UniqueIdentifier>{64B8DA80-383F-42F0-85BD-5FE56A8AD912}</UniqueIdentifier>
    </Filter>
  </ItemGroup>
</Project>
