<?xml version="1.0" encoding="Windows-1252"?>
<Project ToolsVersion="4.0" xmlns="http://schemas.microsoft.com/developer/msbuild/2003">
  <ItemGroup>
    <CustomBuild Include="CMakeFiles\2895e1b7862e4b85bfb958b7dfb65571\generate.stamp.rule">
      <Filter>CMake Rules</Filter>
    </CustomBuild>
  </ItemGroup>
  <ItemGroup>
    <Filter Include="CMake Rules">
      <UniqueIdentifier>{A5074DAC-6D6C-4DD3-ACB7-98E829B548FA}</UniqueIdentifier>
    </Filter>
  </ItemGroup>
</Project>
