
Microsoft Visual Studio Solution File, Format Version 12.00
# Visual Studio 14
VisualStudioVersion = 14.0.24720.0
MinimumVisualStudioVersion = 10.0.40219.1
Project("{FAE04EC0-301F-11D3-BF4B-00C04F79EFBC}") = "BulletSharpGen", "BulletSharpGen.csproj", "{6FE07518-C310-4BB4-9C78-2CEAFADE1D99}"
EndProject
Project("{FAE04EC0-301F-11D3-BF4B-00C04F79EFBC}") = "BulletSharpGenTest", "BulletSharpGenTest\BulletSharpGenTest.csproj", "{6200633E-ED24-400A-B6EC-3453410F626B}"
EndProject
Global
	GlobalSection(SolutionConfigurationPlatforms) = preSolution
		Debug|Any CPU = Debug|Any CPU
		Release|Any CPU = Release|Any CPU
	EndGlobalSection
	GlobalSection(ProjectConfigurationPlatforms) = postSolution
		{6FE07518-C310-4BB4-9C78-2CEAFADE1D99}.Debug|Any CPU.ActiveCfg = Debug|Any CPU
		{6FE07518-C310-4BB4-9C78-2CEAFADE1D99}.Debug|Any CPU.Build.0 = Debug|Any CPU
		{6FE07518-C310-4BB4-9C78-2CEAFADE1D99}.Release|Any CPU.ActiveCfg = Release|Any CPU
		{6FE07518-C310-4BB4-9C78-2CEAFADE1D99}.Release|Any CPU.Build.0 = Release|Any CPU
		{6200633E-ED24-400A-B6EC-3453410F626B}.Debug|Any CPU.ActiveCfg = Debug|Any CPU
		{6200633E-ED24-400A-B6EC-3453410F626B}.Debug|Any CPU.Build.0 = Debug|Any CPU
		{6200633E-ED24-400A-B6EC-3453410F626B}.Release|Any CPU.ActiveCfg = Release|Any CPU
		{6200633E-ED24-400A-B6EC-3453410F626B}.Release|Any CPU.Build.0 = Release|Any CPU
	EndGlobalSection
	GlobalSection(SolutionProperties) = preSolution
		HideSolutionNode = FALSE
	EndGlobalSection
EndGlobal
